
Microsoft Visual Studio Solution File, Format Version 12.00
# Visual Studio 15
VisualStudioVersion = 15.0.27703.2000
MinimumVisualStudioVersion = 10.0.40219.1
Project("{FAE04EC0-301F-11D3-BF4B-00C04F79EFBC}") = "mprTools_2015", "mprTools_2015\mprTools_2015.csproj", "{AC3C1C8A-F628-4F72-80B8-7FDB625DFE96}"
EndProject
Project("{FAE04EC0-301F-11D3-BF4B-00C04F79EFBC}") = "mprTools_2016", "mprTools_2016\mprTools_2016.csproj", "{54AC452C-967A-4B07-869D-2D3CEAB9D347}"
EndProject
Project("{FAE04EC0-301F-11D3-BF4B-00C04F79EFBC}") = "mprTools_2017", "mprTools_2017\mprTools_2017.csproj", "{9D47EBFC-BC2B-48E1-90AD-DE2BDDCE65BE}"
EndProject
Project("{FAE04EC0-301F-11D3-BF4B-00C04F79EFBC}") = "mprTools_2018", "mprTools_2018\mprTools_2018.csproj", "{34EDE77A-82AF-4983-97A1-2B866E921161}"
EndProject
Project("{FAE04EC0-301F-11D3-BF4B-00C04F79EFBC}") = "mprTools_2019", "mprTools_2019\mprTools_2019.csproj", "{A932E889-86A3-4C67-B032-EDE6C7A89C97}"
EndProject
Global
	GlobalSection(SolutionConfigurationPlatforms) = preSolution
		Debug|Any CPU = Debug|Any CPU
		Release|Any CPU = Release|Any CPU
	EndGlobalSection
	GlobalSection(ProjectConfigurationPlatforms) = postSolution
		{AC3C1C8A-F628-4F72-80B8-7FDB625DFE96}.Debug|Any CPU.ActiveCfg = Debug|Any CPU
		{AC3C1C8A-F628-4F72-80B8-7FDB625DFE96}.Debug|Any CPU.Build.0 = Debug|Any CPU
		{AC3C1C8A-F628-4F72-80B8-7FDB625DFE96}.Release|Any CPU.ActiveCfg = Release|Any CPU
		{AC3C1C8A-F628-4F72-80B8-7FDB625DFE96}.Release|Any CPU.Build.0 = Release|Any CPU
		{54AC452C-967A-4B07-869D-2D3CEAB9D347}.Debug|Any CPU.ActiveCfg = Debug|Any CPU
		{54AC452C-967A-4B07-869D-2D3CEAB9D347}.Debug|Any CPU.Build.0 = Debug|Any CPU
		{54AC452C-967A-4B07-869D-2D3CEAB9D347}.Release|Any CPU.ActiveCfg = Release|Any CPU
		{54AC452C-967A-4B07-869D-2D3CEAB9D347}.Release|Any CPU.Build.0 = Release|Any CPU
		{9D47EBFC-BC2B-48E1-90AD-DE2BDDCE65BE}.Debug|Any CPU.ActiveCfg = Debug|Any CPU
		{9D47EBFC-BC2B-48E1-90AD-DE2BDDCE65BE}.Debug|Any CPU.Build.0 = Debug|Any CPU
		{9D47EBFC-BC2B-48E1-90AD-DE2BDDCE65BE}.Release|Any CPU.ActiveCfg = Release|Any CPU
		{9D47EBFC-BC2B-48E1-90AD-DE2BDDCE65BE}.Release|Any CPU.Build.0 = Release|Any CPU
		{34EDE77A-82AF-4983-97A1-2B866E921161}.Debug|Any CPU.ActiveCfg = Debug|Any CPU
		{34EDE77A-82AF-4983-97A1-2B866E921161}.Debug|Any CPU.Build.0 = Debug|Any CPU
		{34EDE77A-82AF-4983-97A1-2B866E921161}.Release|Any CPU.ActiveCfg = Release|Any CPU
		{34EDE77A-82AF-4983-97A1-2B866E921161}.Release|Any CPU.Build.0 = Release|Any CPU
		{A932E889-86A3-4C67-B032-EDE6C7A89C97}.Debug|Any CPU.ActiveCfg = Debug|Any CPU
		{A932E889-86A3-4C67-B032-EDE6C7A89C97}.Debug|Any CPU.Build.0 = Debug|Any CPU
		{A932E889-86A3-4C67-B032-EDE6C7A89C97}.Release|Any CPU.ActiveCfg = Release|Any CPU
		{A932E889-86A3-4C67-B032-EDE6C7A89C97}.Release|Any CPU.Build.0 = Release|Any CPU
	EndGlobalSection
	GlobalSection(SolutionProperties) = preSolution
		HideSolutionNode = FALSE
	EndGlobalSection
	GlobalSection(ExtensibilityGlobals) = postSolution
		SolutionGuid = {1C616664-13EA-4350-8966-BD0558483546}
	EndGlobalSection
EndGlobal
